{
    "_readme": [
        "This file locks the dependencies of your project to a known state",
        "Read more about it at https://getcomposer.org/doc/01-basic-usage.md#composer-lock-the-lock-file",
        "This file is @generated automatically"
    ],
    "hash": "c4c57f4bc589be232027bbada6b3edb9",
    "content-hash": "4d568e0a7f881b2777c9db250f83cbb9",
    "packages": [
        {
            "name": "aktive_merchant/aktive_merchant",
            "version": "1.1.1",
            "source": {
                "type": "git",
                "url": "https://github.com/akDeveloper/Aktive-Merchant.git",
                "reference": "1182ddaa0070f4fe7abea8a5fe66e1716ba4706f"
            },
            "dist": {
                "type": "zip",
                "url": "https://api.github.com/repos/akDeveloper/Aktive-Merchant/zipball/1182ddaa0070f4fe7abea8a5fe66e1716ba4706f",
                "reference": "1182ddaa0070f4fe7abea8a5fe66e1716ba4706f",
                "shasum": ""
            },
            "require": {
                "ext-curl": "*",
                "ext-simplexml": "*",
                "php": ">=5.3.3",
                "symfony/event-dispatcher": "~2.3,<3.0"
            },
            "require-dev": {
                "phpunit/phpunit": "4.8.*"
            },
            "type": "library",
            "autoload": {
                "psr-0": {
                    "AktiveMerchant": "lib/"
                }
            },
            "notification-url": "https://packagist.org/downloads/",
            "license": [
                "MIT"
            ],
            "authors": [
                {
                    "name": "Andreas Kollaros",
                    "email": "andreas.kollaros@gmail.com"
                }
            ],
            "description": "Aktive-Merchant provides a common interface to process payments using multiple gateways.",
            "homepage": "https://github.com/akDeveloper/Aktive-Merchant",
            "keywords": [
                "authorize-net",
                "bridgepay",
                "cardstream",
                "centinel",
                "creditcard",
                "datacash",
                "eway",
                "exact",
                "fatzebra",
                "gateway",
                "hsbc",
                "merchant",
                "mercury",
                "modirum",
                "moneris",
                "payments",
                "paypal",
                "pin",
                "psigate",
                "realex",
                "stripe",
                "worldpay"
            ],
            "time": "2016-07-19 15:57:36"
        },
        {
            "name": "symfony/event-dispatcher",
            "version": "v2.8.18",
            "source": {
                "type": "git",
                "url": "https://github.com/symfony/event-dispatcher.git",
                "reference": "bb4ec47e8e109c1c1172145732d0aa468d967cd0"
            },
            "dist": {
                "type": "zip",
                "url": "https://api.github.com/repos/symfony/event-dispatcher/zipball/bb4ec47e8e109c1c1172145732d0aa468d967cd0",
                "reference": "bb4ec47e8e109c1c1172145732d0aa468d967cd0",
                "shasum": ""
            },
            "require": {
                "php": ">=5.3.9"
            },
            "require-dev": {
                "psr/log": "~1.0",
                "symfony/config": "^2.0.5|~3.0.0",
                "symfony/dependency-injection": "~2.6|~3.0.0",
                "symfony/expression-language": "~2.6|~3.0.0",
                "symfony/stopwatch": "~2.3|~3.0.0"
            },
            "suggest": {
                "symfony/dependency-injection": "",
                "symfony/http-kernel": ""
            },
            "type": "library",
            "extra": {
                "branch-alias": {
                    "dev-master": "2.8-dev"
                }
            },
            "autoload": {
                "psr-4": {
                    "Symfony\\Component\\EventDispatcher\\": ""
                },
                "exclude-from-classmap": [
                    "/Tests/"
                ]
            },
            "notification-url": "https://packagist.org/downloads/",
            "license": [
                "MIT"
            ],
            "authors": [
                {
                    "name": "Fabien Potencier",
                    "email": "fabien@symfony.com"
                },
                {
                    "name": "Symfony Community",
                    "homepage": "https://symfony.com/contributors"
                }
            ],
            "description": "Symfony EventDispatcher Component",
            "homepage": "https://symfony.com",
            "time": "2017-02-21 08:33:48"
        }
    ],
    "packages-dev": [
        {
            "name": "fzaninotto/faker",
            "version": "v1.6.0",
            "source": {
                "type": "git",
                "url": "https://github.com/fzaninotto/Faker.git",
                "reference": "44f9a286a04b80c76a4e5fb7aad8bb539b920123"
            },
            "dist": {
                "type": "zip",
                "url": "https://api.github.com/repos/fzaninotto/Faker/zipball/44f9a286a04b80c76a4e5fb7aad8bb539b920123",
                "reference": "44f9a286a04b80c76a4e5fb7aad8bb539b920123",
                "shasum": ""
            },
            "require": {
                "php": "^5.3.3|^7.0"
            },
            "require-dev": {
                "ext-intl": "*",
                "phpunit/phpunit": "~4.0",
                "squizlabs/php_codesniffer": "~1.5"
            },
            "type": "library",
            "extra": {
                "branch-alias": []
            },
            "autoload": {
                "psr-4": {
                    "Faker\\": "src/Faker/"
                }
            },
            "notification-url": "https://packagist.org/downloads/",
            "license": [
                "MIT"
            ],
            "authors": [
                {
                    "name": "François Zaninotto"
                }
            ],
            "description": "Faker is a PHP library that generates fake data for you.",
            "keywords": [
                "data",
                "faker",
                "fixtures"
            ],
            "time": "2016-04-29 12:21:54"
        },
        {
            "name": "nelmio/alice",
            "version": "2.1.4",
            "source": {
                "type": "git",
                "url": "https://github.com/nelmio/alice.git",
                "reference": "c8cb3413ab5d1fa76ee84296dafe356b0c703014"
            },
            "dist": {
                "type": "zip",
                "url": "https://api.github.com/repos/nelmio/alice/zipball/c8cb3413ab5d1fa76ee84296dafe356b0c703014",
                "reference": "c8cb3413ab5d1fa76ee84296dafe356b0c703014",
                "shasum": ""
            },
            "require": {
                "fzaninotto/faker": "~1.0",
                "php": ">=5.4",
                "symfony/yaml": "~2.0|~3.0"
            },
            "require-dev": {
                "doctrine/common": "~2.3",
                "phpunit/phpunit": "~4.0",
                "symfony/property-access": "~2.2|~3.0"
            },
            "type": "library",
            "extra": {
                "branch-alias": {
                    "dev-master": "2.0.x-dev"
                }
            },
            "autoload": {
                "psr-4": {
                    "Nelmio\\Alice\\": "src/Nelmio/Alice"
                }
            },
            "notification-url": "https://packagist.org/downloads/",
            "license": [
                "MIT"
            ],
            "authors": [
                {
                    "name": "Jordi Boggiano",
                    "email": "j.boggiano@seld.be"
                },
                {
                    "name": "Tim Shelburne",
                    "email": "shelburt02@gmail.com"
                }
            ],
            "description": "Expressive fixtures generator",
            "keywords": [
                "Fixture",
                "data",
                "orm",
                "test"
            ],
            "time": "2016-01-07 14:44:47"
        },
        {
            "name": "symfony/yaml",
            "version": "v2.7.25",
            "source": {
                "type": "git",
                "url": "https://github.com/symfony/yaml.git",
                "reference": "7f98ec63731d5d5995bf29f6a6b6c29ad649da07"
            },
            "dist": {
                "type": "zip",
                "url": "https://api.github.com/repos/symfony/yaml/zipball/7f98ec63731d5d5995bf29f6a6b6c29ad649da07",
                "reference": "7f98ec63731d5d5995bf29f6a6b6c29ad649da07",
                "shasum": ""
            },
            "require": {
                "php": ">=5.3.9"
            },
            "type": "library",
            "extra": {
                "branch-alias": {
                    "dev-master": "2.7-dev"
                }
            },
            "autoload": {
                "psr-4": {
                    "Symfony\\Component\\Yaml\\": ""
                },
                "exclude-from-classmap": [
                    "/Tests/"
                ]
            },
            "notification-url": "https://packagist.org/downloads/",
            "license": [
                "MIT"
            ],
            "authors": [
                {
                    "name": "Fabien Potencier",
                    "email": "fabien@symfony.com"
                },
                {
                    "name": "Symfony Community",
                    "homepage": "https://symfony.com/contributors"
                }
            ],
            "description": "Symfony Yaml Component",
            "homepage": "https://symfony.com",
            "time": "2017-03-01 14:39:50"
        }
    ],
    "aliases": [],
    "minimum-stability": "stable",
    "stability-flags": [],
    "prefer-stable": false,
    "prefer-lowest": false,
    "platform": {
        "php": ">=5.4"
    },
    "platform-dev": []
}
